
Microsoft Visual Studio Solution File, Format Version 12.00
# Visual Studio Version 17
VisualStudioVersion = 17.0.31710.8
MinimumVisualStudioVersion = 10.0.40219.1
Project("{FAE04EC0-301F-11D3-BF4B-00C04F79EFBC}") = "XamlStyler2022", "XamlStyler2022\XamlStyler2022.csproj", "{6D5F7D75-DB80-437B-8012-9B7D1C9CF5E5}"
EndProject
Project("{FAE04EC0-301F-11D3-BF4B-00C04F79EFBC}") = "XamlStyler", "XamlStyler\XamlStyler.csproj", "{F240A291-F622-4350-B2B4-F04E0D40C41B}"
EndProject
Global
	GlobalSection(SolutionConfigurationPlatforms) = preSolution
		Debug|Any CPU = Debug|Any CPU
		Debug|x86 = Debug|x86
		Release|Any CPU = Release|Any CPU
		Release|x86 = Release|x86
	EndGlobalSection
	GlobalSection(ProjectConfigurationPlatforms) = postSolution
		{6D5F7D75-DB80-437B-8012-9B7D1C9CF5E5}.Debug|Any CPU.ActiveCfg = Debug|Any CPU
		{6D5F7D75-DB80-437B-8012-9B7D1C9CF5E5}.Debug|Any CPU.Build.0 = Debug|Any CPU
		{6D5F7D75-DB80-437B-8012-9B7D1C9CF5E5}.Debug|x86.ActiveCfg = Debug|x86
		{6D5F7D75-DB80-437B-8012-9B7D1C9CF5E5}.Debug|x86.Build.0 = Debug|x86
		{6D5F7D75-DB80-437B-8012-9B7D1C9CF5E5}.Release|Any CPU.ActiveCfg = Release|Any CPU
		{6D5F7D75-DB80-437B-8012-9B7D1C9CF5E5}.Release|Any CPU.Build.0 = Release|Any CPU
		{6D5F7D75-DB80-437B-8012-9B7D1C9CF5E5}.Release|x86.ActiveCfg = Release|x86
		{6D5F7D75-DB80-437B-8012-9B7D1C9CF5E5}.Release|x86.Build.0 = Release|x86
		{F240A291-F622-4350-B2B4-F04E0D40C41B}.Debug|Any CPU.ActiveCfg = Debug|Any CPU
		{F240A291-F622-4350-B2B4-F04E0D40C41B}.Debug|Any CPU.Build.0 = Debug|Any CPU
		{F240A291-F622-4350-B2B4-F04E0D40C41B}.Debug|x86.ActiveCfg = Debug|Any CPU
		{F240A291-F622-4350-B2B4-F04E0D40C41B}.Debug|x86.Build.0 = Debug|Any CPU
		{F240A291-F622-4350-B2B4-F04E0D40C41B}.Release|Any CPU.ActiveCfg = Release|Any CPU
		{F240A291-F622-4350-B2B4-F04E0D40C41B}.Release|Any CPU.Build.0 = Release|Any CPU
		{F240A291-F622-4350-B2B4-F04E0D40C41B}.Release|x86.ActiveCfg = Release|Any CPU
		{F240A291-F622-4350-B2B4-F04E0D40C41B}.Release|x86.Build.0 = Release|Any CPU
	EndGlobalSection
	GlobalSection(SolutionProperties) = preSolution
		HideSolutionNode = FALSE
	EndGlobalSection
	GlobalSection(ExtensibilityGlobals) = postSolution
		SolutionGuid = {06CF503F-AC08-456E-BCAC-A69A08C27D8F}
	EndGlobalSection
EndGlobal
